
Microsoft Visual Studio Solution File, Format Version 12.00
# Visual Studio Version 17
VisualStudioVersion = 17.14.36811.4
MinimumVisualStudioVersion = 10.0.40219.1
Project("{FAE04EC0-301F-11D3-BF4B-00C04F79EFBC}") = "ASP.NetCoreApplication", "ASP.NetCoreApplication\ASP.NetCoreApplication.csproj", "{FBBDD856-A6C3-42C4-86B3-67CD6D4129A6}"
EndProject
Project("{FAE04EC0-301F-11D3-BF4B-00C04F79EFBC}") = "FirstCoreWebApplicationMVC", "..\FirstCoreWebApplicationMVC\FirstCoreWebApplicationMVC.csproj", "{39496C6B-69D6-4289-BB05-4E17F98939D2}"
EndProject
Project("{FAE04EC0-301F-11D3-BF4B-00C04F79EFBC}") = "MiddlewareCoreExample", "..\MiddlewareCoreExample\MiddlewareCoreExample.csproj", "{F34EA90E-8715-45BB-80EA-5A50DF1A3BE8}"
EndProject
Project("{FAE04EC0-301F-11D3-BF4B-00C04F79EFBC}") = "ProductManagement", "..\ProductManagement\ProductManagement.csproj", "{527A7FCB-9922-4275-9D49-65AA6FC658D3}"
EndProject
Project("{FAE04EC0-301F-11D3-BF4B-00C04F79EFBC}") = "ASP.NETCoreEmptywithMVC", "..\ASP.NETCoreEmptywithMVC\ASP.NETCoreEmptywithMVC.csproj", "{0FD0DF0C-184B-4B17-916F-785B7D08C747}"
EndProject
Global
	GlobalSection(SolutionConfigurationPlatforms) = preSolution
		Debug|Any CPU = Debug|Any CPU
		Release|Any CPU = Release|Any CPU
	EndGlobalSection
	GlobalSection(ProjectConfigurationPlatforms) = postSolution
		{FBBDD856-A6C3-42C4-86B3-67CD6D4129A6}.Debug|Any CPU.ActiveCfg = Debug|Any CPU
		{FBBDD856-A6C3-42C4-86B3-67CD6D4129A6}.Debug|Any CPU.Build.0 = Debug|Any CPU
		{FBBDD856-A6C3-42C4-86B3-67CD6D4129A6}.Release|Any CPU.ActiveCfg = Release|Any CPU
		{FBBDD856-A6C3-42C4-86B3-67CD6D4129A6}.Release|Any CPU.Build.0 = Release|Any CPU
		{39496C6B-69D6-4289-BB05-4E17F98939D2}.Debug|Any CPU.ActiveCfg = Debug|Any CPU
		{39496C6B-69D6-4289-BB05-4E17F98939D2}.Debug|Any CPU.Build.0 = Debug|Any CPU
		{39496C6B-69D6-4289-BB05-4E17F98939D2}.Release|Any CPU.ActiveCfg = Release|Any CPU
		{39496C6B-69D6-4289-BB05-4E17F98939D2}.Release|Any CPU.Build.0 = Release|Any CPU
		{F34EA90E-8715-45BB-80EA-5A50DF1A3BE8}.Debug|Any CPU.ActiveCfg = Debug|Any CPU
		{F34EA90E-8715-45BB-80EA-5A50DF1A3BE8}.Debug|Any CPU.Build.0 = Debug|Any CPU
		{F34EA90E-8715-45BB-80EA-5A50DF1A3BE8}.Release|Any CPU.ActiveCfg = Release|Any CPU
		{F34EA90E-8715-45BB-80EA-5A50DF1A3BE8}.Release|Any CPU.Build.0 = Release|Any CPU
		{527A7FCB-9922-4275-9D49-65AA6FC658D3}.Debug|Any CPU.ActiveCfg = Debug|Any CPU
		{527A7FCB-9922-4275-9D49-65AA6FC658D3}.Debug|Any CPU.Build.0 = Debug|Any CPU
		{527A7FCB-9922-4275-9D49-65AA6FC658D3}.Release|Any CPU.ActiveCfg = Release|Any CPU
		{527A7FCB-9922-4275-9D49-65AA6FC658D3}.Release|Any CPU.Build.0 = Release|Any CPU
		{0FD0DF0C-184B-4B17-916F-785B7D08C747}.Debug|Any CPU.ActiveCfg = Debug|Any CPU
		{0FD0DF0C-184B-4B17-916F-785B7D08C747}.Debug|Any CPU.Build.0 = Debug|Any CPU
		{0FD0DF0C-184B-4B17-916F-785B7D08C747}.Release|Any CPU.ActiveCfg = Release|Any CPU
		{0FD0DF0C-184B-4B17-916F-785B7D08C747}.Release|Any CPU.Build.0 = Release|Any CPU
	EndGlobalSection
	GlobalSection(SolutionProperties) = preSolution
		HideSolutionNode = FALSE
	EndGlobalSection
	GlobalSection(ExtensibilityGlobals) = postSolution
		SolutionGuid = {744112DC-9058-4F05-AA37-4950236D7688}
	EndGlobalSection
EndGlobal
